hash: 5f44b269ad34d259ae9116bc38ad41efa0ebef7b9224132afb306bf9714f95a5
updated: 2017-06-01T15:54:09.214381211-07:00
imports:
- name: github.com/alecthomas/template
  version: a0175ee3bccc567396460bf5acd36800cb10c49c
  subpackages:
  - parse
- name: github.com/alecthomas/units
  version: 2efee857e7cfd4f3d0138cc3cbb1b4966962b93a
- name: github.com/inconshreveable/log15
  version: b105bd37f74e5d9dc7b6ad7806715c7a2b83fd3f
- name: github.com/mattn/go-colorable
  version: ded68f7a9561c023e790de24279db7ebf473ea80
- name: github.com/mattn/go-isatty
  version: fc9e8d8ef48496124e79ae0df75490096eccf6fe
- name: github.com/satori/go.uuid
  version: 879c5887cd475cd7864858769793b2ceb0d44feb
- name: golang.org/x/sys
  version: b90f89a1e7a9c1f6b918820b3daa7f08488c8594
  subpackages:
  - unix
- name: gopkg.in/alecthomas/kingpin.v2
  version: 7f0871f2e17818990e4eed73f9b5c2f429501228
- name: gopkg.in/inconshreveable/log15.v2
  version: b105bd37f74e5d9dc7b6ad7806715c7a2b83fd3f
  subpackages:
  - stack
  - term
testImports:
- name: github.com/alecthomas/gometalinter
  version: 90d29d5950f1bfc57b96ceec09bf7b6c030772ea
- name: github.com/client9/misspell
  version: 1d9ab7749ee27131547244ff2f9953d235b591fb
  subpackages:
  - cmd/misspell
- name: github.com/golang/lint
  version: a5f4a247366d8fc436941822e14fc3eac7727015
  subpackages:
  - golint
- name: github.com/google/shlex
  version: 6f45313302b9c56850fc17f99e40caebce98c716
- name: github.com/gordonklaus/ineffassign
  version: f0c5cfc1817d6dd6011c7e8b8d272f94aeeb12cb
- name: github.com/jgautheron/goconst
  version: 6a7633b712b6fb1d6821d33851d086a1d545dacd
  subpackages:
  - cmd/goconst
- name: github.com/kisielk/errcheck
  version: 23699b7e2cbfdb89481023524954ba2aeff6be90
- name: github.com/kisielk/gotool
  version: 0de1eaf82fa3f583ce21fde859f1e7e0c5e9b220
- name: github.com/stretchr/testify
  version: 69483b4bd14f5845b5a1e55bca19e954e827f1d0
- name: golang.org/x/tools
  version: bc6db94186c03835daa5c1c679fba599dc1f3b79
  subpackages:
  - cmd/gotype
- name: honnef.co/go/lint
  version: 9ad746f5a7e0e84de969c026c26693d6b2f0af27
- name: honnef.co/go/simple
  version: f274a8b1cf664433daac541609e0dfb818a2a87c
  subpackages:
  - cmd/gosimple
- name: honnef.co/go/ssa
  version: 1cf7f34afde4f3f9cb9f7b15f8f2727ebcaa179a
